Microsoft Visual Studio Solution File, Format Version 12.00
# Visual Studio Version 17
VisualStudioVersion = 17.12.35527.113 d17.12
MinimumVisualStudioVersion = 10.0.40219.1
Project("{2150E333-8FDC-42A3-9474-1A3956D46DE8}") = "app", "app", "{D5722905-BC69-4CD0-887A-CCD915FA13FB}"
EndProject
Project("{FAE04EC0-301F-11D3-BF4B-00C04F79EFBC}") = "Core", "app\Core\Core.csproj", "{E373FC78-D49D-440A-94C9-61BEF203824B}"
EndProject
Project("{FAE04EC0-301F-11D3-BF4B-00C04F79EFBC}") = "Infrastructure", "app\Infrastructure\Infrastructure.csproj", "{CD8CF5DE-0F64-4C8D-93C4-77B63A49FBC4}"
EndProject
Project("{FAE04EC0-301F-11D3-BF4B-00C04F79EFBC}") = "Web", "app\Web\Web.csproj", "{8AC40D8E-2414-46C0-93C8-C3CCBE9D1E5D}"
EndProject
Global
	GlobalSection(SolutionConfigurationPlatforms) = preSolution
		Debug|Any CPU = Debug|Any CPU
		Release|Any CPU = Release|Any CPU
	EndGlobalSection
	GlobalSection(ProjectConfigurationPlatforms) = postSolution
		{E373FC78-D49D-440A-94C9-61BEF203824B}.Debug|Any CPU.ActiveCfg = Debug|Any CPU
		{E373FC78-D49D-440A-94C9-61BEF203824B}.Debug|Any CPU.Build.0 = Debug|Any CPU
		{E373FC78-D49D-440A-94C9-61BEF203824B}.Release|Any CPU.ActiveCfg = Release|Any CPU
		{E373FC78-D49D-440A-94C9-61BEF203824B}.Release|Any CPU.Build.0 = Release|Any CPU
		{CD8CF5DE-0F64-4C8D-93C4-77B63A49FBC4}.Debug|Any CPU.ActiveCfg = Debug|Any CPU
		{CD8CF5DE-0F64-4C8D-93C4-77B63A49FBC4}.Debug|Any CPU.Build.0 = Debug|Any CPU
		{CD8CF5DE-0F64-4C8D-93C4-77B63A49FBC4}.Release|Any CPU.ActiveCfg = Release|Any CPU
		{CD8CF5DE-0F64-4C8D-93C4-77B63A49FBC4}.Release|Any CPU.Build.0 = Release|Any CPU
		{8AC40D8E-2414-46C0-93C8-C3CCBE9D1E5D}.Debug|Any CPU.ActiveCfg = Debug|Any CPU
		{8AC40D8E-2414-46C0-93C8-C3CCBE9D1E5D}.Debug|Any CPU.Build.0 = Debug|Any CPU
		{8AC40D8E-2414-46C0-93C8-C3CCBE9D1E5D}.Release|Any CPU.ActiveCfg = Release|Any CPU
		{8AC40D8E-2414-46C0-93C8-C3CCBE9D1E5D}.Release|Any CPU.Build.0 = Release|Any CPU
	EndGlobalSection
	GlobalSection(SolutionProperties) = preSolution
		HideSolutionNode = FALSE
	EndGlobalSection
	GlobalSection(NestedProjects) = preSolution
		{E373FC78-D49D-440A-94C9-61BEF203824B} = {D5722905-BC69-4CD0-887A-CCD915FA13FB}
		{CD8CF5DE-0F64-4C8D-93C4-77B63A49FBC4} = {D5722905-BC69-4CD0-887A-CCD915FA13FB}
		{8AC40D8E-2414-46C0-93C8-C3CCBE9D1E5D} = {D5722905-BC69-4CD0-887A-CCD915FA13FB}
	EndGlobalSection
EndGlobal
